// !$*UTF8*$!
{
	archiveVersion = 1;
	classes = {
	};
	objectVersion = 55;
	objects = {

/* Begin PBXBuildFile section */
		8A0E7DC8279216090028CE0E /* AddBeerMakerView.swift in Sources */ = {isa = PBXBuildFile; fileRef = 8A0E7DC7279216090028CE0E /* AddBeerMakerView.swift */; };
		8A32F4C32790E5F9002111E0 /* Cerveza.swift in Sources */ = {isa = PBXBuildFile; fileRef = 8A32F4C22790E5F9002111E0 /* Cerveza.swift */; };
		8A32F4CC2790F930002111E0 /* cerveza.png in Resources */ = {isa = PBXBuildFile; fileRef = 8A32F4CB2790F930002111E0 /* cerveza.png */; };
		8A692D25276D496E00D64504 /* AppDelegate.swift in Sources */ = {isa = PBXBuildFile; fileRef = 8A692D24276D496E00D64504 /* AppDelegate.swift */; };
		8A692D27276D496E00D64504 /* SceneDelegate.swift in Sources */ = {isa = PBXBuildFile; fileRef = 8A692D26276D496E00D64504 /* SceneDelegate.swift */; };
		8A692D29276D496E00D64504 /* BeerMakersView.swift in Sources */ = {isa = PBXBuildFile; fileRef = 8A692D28276D496E00D64504 /* BeerMakersView.swift */; };
		8A692D2C276D496E00D64504 /* Main.storyboard in Resources */ = {isa = PBXBuildFile; fileRef = 8A692D2A276D496E00D64504 /* Main.storyboard */; };
		8A692D2E276D497000D64504 /* Assets.xcassets in Resources */ = {isa = PBXBuildFile; fileRef = 8A692D2D276D497000D64504 /* Assets.xcassets */; };
		8A692D31276D497000D64504 /* LaunchScreen.storyboard in Resources */ = {isa = PBXBuildFile; fileRef = 8A692D2F276D497000D64504 /* LaunchScreen.storyboard */; };
		8AC49D452794BA62004C59D5 /* Fabricante.swift in Sources */ = {isa = PBXBuildFile; fileRef = 8AC49D442794BA62004C59D5 /* Fabricante.swift */; };
		8AD84BEC2793A85B00CC6CDE /* DataHandlers.swift in Sources */ = {isa = PBXBuildFile; fileRef = 8AD84BEB2793A85B00CC6CDE /* DataHandlers.swift */; };
		8AD84BEE2793A8EA00CC6CDE /* RGBiOSUtilities.swift in Sources */ = {isa = PBXBuildFile; fileRef = 8AD84BED2793A8EA00CC6CDE /* RGBiOSUtilities.swift */; };
		8AF8EA97277110AC00E531B1 /* BeersView.swift in Sources */ = {isa = PBXBuildFile; fileRef = 8AF8EA96277110AC00E531B1 /* BeersView.swift */; };
		8AF8EA99277110EB00E531B1 /* SingleBeerView.swift in Sources */ = {isa = PBXBuildFile; fileRef = 8AF8EA98277110EA00E531B1 /* SingleBeerView.swift */; };
/* End PBXBuildFile section */

/* Begin PBXFileReference section */
		8A0375282792369600A4FE96 /* ProgramaCompleto.playground */ = {isa = PBXFileReference; lastKnownFileType = file.playground; path = ProgramaCompleto.playground; sourceTree = "<group>"; xcLanguageSpecificationIdentifier = xcode.lang.swift; };
		8A0E7DC7279216090028CE0E /* AddBeerMakerView.swift */ = {isa = PBXFileReference; lastKnownFileType = sourcecode.swift; path = AddBeerMakerView.swift; sourceTree = "<group>"; };
		8A0E7DC9279216300028CE0E /* VistaNuevoFabricante.playground */ = {isa = PBXFileReference; lastKnownFileType = file.playground; path = VistaNuevoFabricante.playground; sourceTree = "<group>"; xcLanguageSpecificationIdentifier = xcode.lang.swift; };
		8A32F4C127906280002111E0 /* VistaCervezas.playground */ = {isa = PBXFileReference; lastKnownFileType = file.playground; path = VistaCervezas.playground; sourceTree = "<group>"; xcLanguageSpecificationIdentifier = xcode.lang.swift; };
		8A32F4C22790E5F9002111E0 /* Cerveza.swift */ = {isa = PBXFileReference; lastKnownFileType = sourcecode.swift; path = Cerveza.swift; sourceTree = "<group>"; };
		8A32F4C62790EC02002111E0 /* VistaIndividualCerveza.playground */ = {isa = PBXFileReference; lastKnownFileType = file.playground; path = VistaIndividualCerveza.playground; sourceTree = "<group>"; xcLanguageSpecificationIdentifier = xcode.lang.swift; };
		8A32F4CB2790F930002111E0 /* cerveza.png */ = {isa = PBXFileReference; lastKnownFileType = image.png; path = cerveza.png; sourceTree = "<group>"; };
		8A692D21276D496E00D64504 /* AppCerveza.app */ = {isa = PBXFileReference; explicitFileType = wrapper.application; includeInIndex = 0; path = AppCerveza.app; sourceTree = BUILT_PRODUCTS_DIR; };
		8A692D24276D496E00D64504 /* AppDelegate.swift */ = {isa = PBXFileReference; lastKnownFileType = sourcecode.swift; path = AppDelegate.swift; sourceTree = "<group>"; };
		8A692D26276D496E00D64504 /* SceneDelegate.swift */ = {isa = PBXFileReference; lastKnownFileType = sourcecode.swift; path = SceneDelegate.swift; sourceTree = "<group>"; };
		8A692D28276D496E00D64504 /* BeerMakersView.swift */ = {isa = PBXFileReference; lastKnownFileType = sourcecode.swift; path = BeerMakersView.swift; sourceTree = "<group>"; };
		8A692D2B276D496E00D64504 /* Base */ = {isa = PBXFileReference; lastKnownFileType = file.storyboard; name = Base; path = Base.lproj/Main.storyboard; sourceTree = "<group>"; };
		8A692D2D276D497000D64504 /* Assets.xcassets */ = {isa = PBXFileReference; lastKnownFileType = folder.assetcatalog; path = Assets.xcassets; sourceTree = "<group>"; };
		8A692D30276D497000D64504 /* Base */ = {isa = PBXFileReference; lastKnownFileType = file.storyboard; name = Base; path = Base.lproj/LaunchScreen.storyboard; sourceTree = "<group>"; };
		8A692D32276D497000D64504 /* Info.plist */ = {isa = PBXFileReference; lastKnownFileType = text.plist.xml; path = Info.plist; sourceTree = "<group>"; };
		8A692D3A276D53DD00D64504 /* VistaMarcas.playground */ = {isa = PBXFileReference; lastKnownFileType = file.playground; path = VistaMarcas.playground; sourceTree = "<group>"; xcLanguageSpecificationIdentifier = xcode.lang.swift; };
		8AC49D442794BA62004C59D5 /* Fabricante.swift */ = {isa = PBXFileReference; lastKnownFileType = sourcecode.swift; path = Fabricante.swift; sourceTree = "<group>"; };
		8AD84BEB2793A85B00CC6CDE /* DataHandlers.swift */ = {isa = PBXFileReference; lastKnownFileType = sourcecode.swift; path = DataHandlers.swift; sourceTree = "<group>"; };
		8AD84BED2793A8EA00CC6CDE /* RGBiOSUtilities.swift */ = {isa = PBXFileReference; lastKnownFileType = sourcecode.swift; path = RGBiOSUtilities.swift; sourceTree = "<group>"; };
		8AF8EA96277110AC00E531B1 /* BeersView.swift */ = {isa = PBXFileReference; lastKnownFileType = sourcecode.swift; path = BeersView.swift; sourceTree = "<group>"; };
		8AF8EA98277110EA00E531B1 /* SingleBeerView.swift */ = {isa = PBXFileReference; lastKnownFileType = sourcecode.swift; path = SingleBeerView.swift; sourceTree = "<group>"; };
/* End PBXFileReference section */

/* Begin PBXFrameworksBuildPhase section */
		8A692D1E276D496E00D64504 /* Frameworks */ = {
			isa = PBXFrameworksBuildPhase;
			buildActionMask = 2147483647;
			files = (
			);
			runOnlyForDeploymentPostprocessing = 0;
		};
/* End PBXFrameworksBuildPhase section */

/* Begin PBXGroup section */
		8A692D18276D496E00D64504 = {
			isa = PBXGroup;
			children = (
				8A692D23276D496E00D64504 /* AppCerveza */,
				8A692D22276D496E00D64504 /* Products */,
			);
			sourceTree = "<group>";
		};
		8A692D22276D496E00D64504 /* Products */ = {
			isa = PBXGroup;
			children = (
				8A692D21276D496E00D64504 /* AppCerveza.app */,
			);
			name = Products;
			sourceTree = "<group>";
		};
		8A692D23276D496E00D64504 /* AppCerveza */ = {
			isa = PBXGroup;
			children = (
				8AD84BEA2793A84000CC6CDE /* Helpers */,
				8A692D3C276D551900D64504 /* Data */,
				8A692D3B276D551100D64504 /* ViewControllers */,
				8A692D39276D4B7B00D64504 /* Playgrounds */,
				8A692D38276D4A2D00D64504 /* Imágenes */,
				8A692D24276D496E00D64504 /* AppDelegate.swift */,
				8A692D26276D496E00D64504 /* SceneDelegate.swift */,
				8A692D2A276D496E00D64504 /* Main.storyboard */,
				8A692D2D276D497000D64504 /* Assets.xcassets */,
				8A692D2F276D497000D64504 /* LaunchScreen.storyboard */,
				8A692D32276D497000D64504 /* Info.plist */,
			);
			path = AppCerveza;
			sourceTree = "<group>";
		};
		8A692D38276D4A2D00D64504 /* Imágenes */ = {
			isa = PBXGroup;
			children = (
				8AF8EA9B2771173700E531B1 /* Cervezas */,
				8AF8EA9A2771173200E531B1 /* Fabricantes */,
			);
			name = "Imágenes";
			path = "Imágenes";
			sourceTree = "<group>";
		};
		8A692D39276D4B7B00D64504 /* Playgrounds */ = {
			isa = PBXGroup;
			children = (
				8A32F4CB2790F930002111E0 /* cerveza.png */,
				8A692D3A276D53DD00D64504 /* VistaMarcas.playground */,
				8A32F4C127906280002111E0 /* VistaCervezas.playground */,
				8A32F4C62790EC02002111E0 /* VistaIndividualCerveza.playground */,
				8A0E7DC9279216300028CE0E /* VistaNuevoFabricante.playground */,
				8A0375282792369600A4FE96 /* ProgramaCompleto.playground */,
			);
			path = Playgrounds;
			sourceTree = "<group>";
		};
		8A692D3B276D551100D64504 /* ViewControllers */ = {
			isa = PBXGroup;
			children = (
				8A692D28276D496E00D64504 /* BeerMakersView.swift */,
				8AF8EA96277110AC00E531B1 /* BeersView.swift */,
				8AF8EA98277110EA00E531B1 /* SingleBeerView.swift */,
				8A0E7DC7279216090028CE0E /* AddBeerMakerView.swift */,
			);
			path = ViewControllers;
			sourceTree = "<group>";
		};
		8A692D3C276D551900D64504 /* Data */ = {
			isa = PBXGroup;
			children = (
				8A32F4C22790E5F9002111E0 /* Cerveza.swift */,
				8AC49D442794BA62004C59D5 /* Fabricante.swift */,
			);
			path = Data;
			sourceTree = "<group>";
		};
		8AD84BEA2793A84000CC6CDE /* Helpers */ = {
			isa = PBXGroup;
			children = (
				8AD84BEB2793A85B00CC6CDE /* DataHandlers.swift */,
				8AD84BED2793A8EA00CC6CDE /* RGBiOSUtilities.swift */,
			);
			path = Helpers;
			sourceTree = "<group>";
		};
		8AF8EA9A2771173200E531B1 /* Fabricantes */ = {
			isa = PBXGroup;
			children = (
			);
			path = Fabricantes;
			sourceTree = "<group>";
		};
		8AF8EA9B2771173700E531B1 /* Cervezas */ = {
			isa = PBXGroup;
			children = (
			);
			path = Cervezas;
			sourceTree = "<group>";
		};
/* End PBXGroup section */

/* Begin PBXNativeTarget section */
		8A692D20276D496E00D64504 /* AppCerveza */ = {
			isa = PBXNativeTarget;
			buildConfigurationList = 8A692D35276D497000D64504 /* Build configuration list for PBXNativeTarget "AppCerveza" */;
			buildPhases = (
				8A692D1D276D496E00D64504 /* Sources */,
				8A692D1E276D496E00D64504 /* Frameworks */,
				8A692D1F276D496E00D64504 /* Resources */,
			);
			buildRules = (
			);
			dependencies = (
			);
			name = AppCerveza;
			productName = AppCerveza;
			productReference = 8A692D21276D496E00D64504 /* AppCerveza.app */;
			productType = "com.apple.product-type.application";
		};
/* End PBXNativeTarget section */

/* Begin PBXProject section */
		8A692D19276D496E00D64504 /* Project object */ = {
			isa = PBXProject;
			attributes = {
				BuildIndependentTargetsInParallel = 1;
				LastSwiftUpdateCheck = 1320;
				LastUpgradeCheck = 1320;
				TargetAttributes = {
					8A692D20276D496E00D64504 = {
						CreatedOnToolsVersion = 13.2;
					};
				};
			};
			buildConfigurationList = 8A692D1C276D496E00D64504 /* Build configuration list for PBXProject "AppCerveza" */;
			compatibilityVersion = "Xcode 13.0";
			developmentRegion = en;
			hasScannedForEncodings = 0;
			knownRegions = (
				en,
				Base,
			);
			mainGroup = 8A692D18276D496E00D64504;
			productRefGroup = 8A692D22276D496E00D64504 /* Products */;
			projectDirPath = "";
			projectRoot = "";
			targets = (
				8A692D20276D496E00D64504 /* AppCerveza */,
			);
		};
/* End PBXProject section */

/* Begin PBXResourcesBuildPhase section */
		8A692D1F276D496E00D64504 /* Resources */ = {
			isa = PBXResourcesBuildPhase;
			buildActionMask = 2147483647;
			files = (
				8A692D31276D497000D64504 /* LaunchScreen.storyboard in Resources */,
				8A692D2E276D497000D64504 /* Assets.xcassets in Resources */,
				8A32F4CC2790F930002111E0 /* cerveza.png in Resources */,
				8A692D2C276D496E00D64504 /* Main.storyboard in Resources */,
			);
			runOnlyForDeploymentPostprocessing = 0;
		};
/* End PBXResourcesBuildPhase section */

/* Begin PBXSourcesBuildPhase section */
		8A692D1D276D496E00D64504 /* Sources */ = {
			isa = PBXSourcesBuildPhase;
			buildActionMask = 2147483647;
			files = (
				8AF8EA97277110AC00E531B1 /* BeersView.swift in Sources */,
				8A692D29276D496E00D64504 /* BeerMakersView.swift in Sources */,
				8AF8EA99277110EB00E531B1 /* SingleBeerView.swift in Sources */,
				8AD84BEC2793A85B00CC6CDE /* DataHandlers.swift in Sources */,
				8A0E7DC8279216090028CE0E /* AddBeerMakerView.swift in Sources */,
				8AC49D452794BA62004C59D5 /* Fabricante.swift in Sources */,
				8AD84BEE2793A8EA00CC6CDE /* RGBiOSUtilities.swift in Sources */,
				8A692D25276D496E00D64504 /* AppDelegate.swift in Sources */,
				8A32F4C32790E5F9002111E0 /* Cerveza.swift in Sources */,
				8A692D27276D496E00D64504 /* SceneDelegate.swift in Sources */,
			);
			runOnlyForDeploymentPostprocessing = 0;
		};
/* End PBXSourcesBuildPhase section */

/* Begin PBXVariantGroup section */
		8A692D2A276D496E00D64504 /* Main.storyboard */ = {
			isa = PBXVariantGroup;
			children = (
				8A692D2B276D496E00D64504 /* Base */,
			);
			name = Main.storyboard;
			sourceTree = "<group>";
		};
		8A692D2F276D497000D64504 /* LaunchScreen.storyboard */ = {
			isa = PBXVariantGroup;
			children = (
				8A692D30276D497000D64504 /* Base */,
			);
			name = LaunchScreen.storyboard;
			sourceTree = "<group>";
		};
/* End PBXVariantGroup section */

/* Begin XCBuildConfiguration section */
		8A692D33276D497000D64504 /* Debug */ = {
			isa = XCBuildConfiguration;
			buildSettings = {
				ALWAYS_SEARCH_USER_PATHS = NO;
				CLANG_ANALYZER_NONNULL = YES;
				CLANG_ANALYZER_NUMBER_OBJECT_CONVERSION = YES_AGGRESSIVE;
				CLANG_CXX_LANGUAGE_STANDARD = "gnu++17";
				CLANG_CXX_LIBRARY = "libc++";
				CLANG_ENABLE_MODULES = YES;
				CLANG_ENABLE_OBJC_ARC = YES;
				CLANG_ENABLE_OBJC_WEAK = YES;
				CLANG_WARN_BLOCK_CAPTURE_AUTORELEASING = YES;
				CLANG_WARN_BOOL_CONVERSION = YES;
				CLANG_WARN_COMMA = YES;
				CLANG_WARN_CONSTANT_CONVERSION = YES;
				CLANG_WARN_DEPRECATED_OBJC_IMPLEMENTATIONS = YES;
				CLANG_WARN_DIRECT_OBJC_ISA_USAGE = YES_ERROR;
				CLANG_WARN_DOCUMENTATION_COMMENTS = YES;
				CLANG_WARN_EMPTY_BODY = YES;
				CLANG_WARN_ENUM_CONVERSION = YES;
				CLANG_WARN_INFINITE_RECURSION = YES;
				CLANG_WARN_INT_CONVERSION = YES;
				CLANG_WARN_NON_LITERAL_NULL_CONVERSION = YES;
				CLANG_WARN_OBJC_IMPLICIT_RETAIN_SELF = YES;
				CLANG_WARN_OBJC_LITERAL_CONVERSION = YES;
				CLANG_WARN_OBJC_ROOT_CLASS = YES_ERROR;
				CLANG_WARN_QUOTED_INCLUDE_IN_FRAMEWORK_HEADER = YES;
				CLANG_WARN_RANGE_LOOP_ANALYSIS = YES;
				CLANG_WARN_STRICT_PROTOTYPES = YES;
				CLANG_WARN_SUSPICIOUS_MOVE = YES;
				CLANG_WARN_UNGUARDED_AVAILABILITY = YES_AGGRESSIVE;
				CLANG_WARN_UNREACHABLE_CODE = YES;
				CLANG_WARN__DUPLICATE_METHOD_MATCH = YES;
				COPY_PHASE_STRIP = NO;
				DEBUG_INFORMATION_FORMAT = dwarf;
				ENABLE_STRICT_OBJC_MSGSEND = YES;
				ENABLE_TESTABILITY = YES;
				GCC_C_LANGUAGE_STANDARD = gnu11;
				GCC_DYNAMIC_NO_PIC = NO;
				GCC_NO_COMMON_BLOCKS = YES;
				GCC_OPTIMIZATION_LEVEL = 0;
				GCC_PREPROCESSOR_DEFINITIONS = (
					"DEBUG=1",
					"$(inherited)",
				);
				GCC_WARN_64_TO_32_BIT_CONVERSION = YES;
				GCC_WARN_ABOUT_RETURN_TYPE = YES_ERROR;
				GCC_WARN_UNDECLARED_SELECTOR = YES;
				GCC_WARN_UNINITIALIZED_AUTOS = YES_AGGRESSIVE;
				GCC_WARN_UNUSED_FUNCTION = YES;
				GCC_WARN_UNUSED_VARIABLE = YES;
				IPHONEOS_DEPLOYMENT_TARGET = 15.2;
				MTL_ENABLE_DEBUG_INFO = INCLUDE_SOURCE;
				MTL_FAST_MATH = YES;
				ONLY_ACTIVE_ARCH = YES;
				SDKROOT = iphoneos;
				SWIFT_ACTIVE_COMPILATION_CONDITIONS = DEBUG;
				SWIFT_OPTIMIZATION_LEVEL = "-Onone";
			};
			name = Debug;
		};
		8A692D34276D497000D64504 /* Release */ = {
			isa = XCBuildConfiguration;
			buildSettings = {
				ALWAYS_SEARCH_USER_PATHS = NO;
				CLANG_ANALYZER_NONNULL = YES;
				CLANG_ANALYZER_NUMBER_OBJECT_CONVERSION = YES_AGGRESSIVE;
				CLANG_CXX_LANGUAGE_STANDARD = "gnu++17";
				CLANG_CXX_LIBRARY = "libc++";
				CLANG_ENABLE_MODULES = YES;
				CLANG_ENABLE_OBJC_ARC = YES;
				CLANG_ENABLE_OBJC_WEAK = YES;
				CLANG_WARN_BLOCK_CAPTURE_AUTORELEASING = YES;
				CLANG_WARN_BOOL_CONVERSION = YES;
				CLANG_WARN_COMMA = YES;
				CLANG_WARN_CONSTANT_CONVERSION = YES;
				CLANG_WARN_DEPRECATED_OBJC_IMPLEMENTATIONS = YES;
				CLANG_WARN_DIRECT_OBJC_ISA_USAGE = YES_ERROR;
				CLANG_WARN_DOCUMENTATION_COMMENTS = YES;
				CLANG_WARN_EMPTY_BODY = YES;
				CLANG_WARN_ENUM_CONVERSION = YES;
				CLANG_WARN_INFINITE_RECURSION = YES;
				CLANG_WARN_INT_CONVERSION = YES;
				CLANG_WARN_NON_LITERAL_NULL_CONVERSION = YES;
				CLANG_WARN_OBJC_IMPLICIT_RETAIN_SELF = YES;
				CLANG_WARN_OBJC_LITERAL_CONVERSION = YES;
				CLANG_WARN_OBJC_ROOT_CLASS = YES_ERROR;
				CLANG_WARN_QUOTED_INCLUDE_IN_FRAMEWORK_HEADER = YES;
				CLANG_WARN_RANGE_LOOP_ANALYSIS = YES;
				CLANG_WARN_STRICT_PROTOTYPES = YES;
				CLANG_WARN_SUSPICIOUS_MOVE = YES;
				CLANG_WARN_UNGUARDED_AVAILABILITY = YES_AGGRESSIVE;
				CLANG_WARN_UNREACHABLE_CODE = YES;
				CLANG_WARN__DUPLICATE_METHOD_MATCH = YES;
				COPY_PHASE_STRIP = NO;
				DEBUG_INFORMATION_FORMAT = "dwarf-with-dsym";
				ENABLE_NS_ASSERTIONS = NO;
				ENABLE_STRICT_OBJC_MSGSEND = YES;
				GCC_C_LANGUAGE_STANDARD = gnu11;
				GCC_NO_COMMON_BLOCKS = YES;
				GCC_WARN_64_TO_32_BIT_CONVERSION = YES;
				GCC_WARN_ABOUT_RETURN_TYPE = YES_ERROR;
				GCC_WARN_UNDECLARED_SELECTOR = YES;
				GCC_WARN_UNINITIALIZED_AUTOS = YES_AGGRESSIVE;
				GCC_WARN_UNUSED_FUNCTION = YES;
				GCC_WARN_UNUSED_VARIABLE = YES;
				IPHONEOS_DEPLOYMENT_TARGET = 15.2;
				MTL_ENABLE_DEBUG_INFO = NO;
				MTL_FAST_MATH = YES;
				SDKROOT = iphoneos;
				SWIFT_COMPILATION_MODE = wholemodule;
				SWIFT_OPTIMIZATION_LEVEL = "-O";
				VALIDATE_PRODUCT = YES;
			};
			name = Release;
		};
		8A692D36276D497000D64504 /* Debug */ = {
			isa = XCBuildConfiguration;
			buildSettings = {
				ASSETCATALOG_COMPILER_APPICON_NAME = AppIcon;
				ASSETCATALOG_COMPILER_GLOBAL_ACCENT_COLOR_NAME = AccentColor;
				CODE_SIGN_STYLE = Automatic;
				CURRENT_PROJECT_VERSION = 1;
				GENERATE_INFOPLIST_FILE = YES;
				INFOPLIST_FILE = AppCerveza/Info.plist;
				INFOPLIST_KEY_UIApplicationSupportsIndirectInputEvents = YES;
				INFOPLIST_KEY_UILaunchStoryboardName = LaunchScreen;
				INFOPLIST_KEY_UIMainStoryboardFile = Main;
				INFOPLIST_KEY_UISupportedInterfaceOrientations_iPad = "UIInterfaceOrientationPortrait UIInterfaceOrientationPortraitUpsideDown UIInterfaceOrientationLandscapeLeft UIInterfaceOrientationLandscapeRight";
				INFOPLIST_KEY_UISupportedInterfaceOrientations_iPhone = "UIInterfaceOrientationPortrait UIInterfaceOrientationLandscapeLeft UIInterfaceOrientationLandscapeRight";
				IPHONEOS_DEPLOYMENT_TARGET = 13.0;
				LD_RUNPATH_SEARCH_PATHS = (
					"$(inherited)",
					"@executable_path/Frameworks",
				);
				MARKETING_VERSION = 1.0;
				PRODUCT_BUNDLE_IDENTIFIER = es.usal.fis.AppCerveza;
				PRODUCT_NAME = "$(TARGET_NAME)";
				SWIFT_EMIT_LOC_STRINGS = YES;
				SWIFT_VERSION = 5.0;
				TARGETED_DEVICE_FAMILY = 2;
			};
			name = Debug;
		};
		8A692D37276D497000D64504 /* Release */ = {
			isa = XCBuildConfiguration;
			buildSettings = {
				ASSETCATALOG_COMPILER_APPICON_NAME = AppIcon;
				ASSETCATALOG_COMPILER_GLOBAL_ACCENT_COLOR_NAME = AccentColor;
				CODE_SIGN_STYLE = Automatic;
				CURRENT_PROJECT_VERSION = 1;
				GENERATE_INFOPLIST_FILE = YES;
				INFOPLIST_FILE = AppCerveza/Info.plist;
				INFOPLIST_KEY_UIApplicationSupportsIndirectInputEvents = YES;
				INFOPLIST_KEY_UILaunchStoryboardName = LaunchScreen;
				INFOPLIST_KEY_UIMainStoryboardFile = Main;
				INFOPLIST_KEY_UISupportedInterfaceOrientations_iPad = "UIInterfaceOrientationPortrait UIInterfaceOrientationPortraitUpsideDown UIInterfaceOrientationLandscapeLeft UIInterfaceOrientationLandscapeRight";
				INFOPLIST_KEY_UISupportedInterfaceOrientations_iPhone = "UIInterfaceOrientationPortrait UIInterfaceOrientationLandscapeLeft UIInterfaceOrientationLandscapeRight";
				IPHONEOS_DEPLOYMENT_TARGET = 13.0;
				LD_RUNPATH_SEARCH_PATHS = (
					"$(inherited)",
					"@executable_path/Frameworks",
				);
				MARKETING_VERSION = 1.0;
				PRODUCT_BUNDLE_IDENTIFIER = es.usal.fis.AppCerveza;
				PRODUCT_NAME = "$(TARGET_NAME)";
				SWIFT_EMIT_LOC_STRINGS = YES;
				SWIFT_VERSION = 5.0;
				TARGETED_DEVICE_FAMILY = 2;
			};
			name = Release;
		};
/* End XCBuildConfiguration section */

/* Begin XCConfigurationList section */
		8A692D1C276D496E00D64504 /* Build configuration list for PBXProject "AppCerveza" */ = {
			isa = XCConfigurationList;
			buildConfigurations = (
				8A692D33276D497000D64504 /* Debug */,
				8A692D34276D497000D64504 /* Release */,
			);
			defaultConfigurationIsVisible = 0;
			defaultConfigurationName = Release;
		};
		8A692D35276D497000D64504 /* Build configuration list for PBXNativeTarget "AppCerveza" */ = {
			isa = XCConfigurationList;
			buildConfigurations = (
				8A692D36276D497000D64504 /* Debug */,
				8A692D37276D497000D64504 /* Release */,
			);
			defaultConfigurationIsVisible = 0;
			defaultConfigurationName = Release;
		};
/* End XCConfigurationList section */
	};
	rootObject = 8A692D19276D496E00D64504 /* Project object */;
}
